// !$*UTF8*$!
{
	archiveVersion = 1;
	classes = {
	};
	objectVersion = 55;
	objects = {

/* Begin PBXBuildFile section */
		DC7995B2286CC7DC0081E726 /* MotherView.swift in Sources */ = {isa = PBXBuildFile; fileRef = DC7995B1286CC7DC0081E726 /* MotherView.swift */; };
		DC7995B4286CC7E40081E726 /* LaunchScreen.swift in Sources */ = {isa = PBXBuildFile; fileRef = DC7995B3286CC7E40081E726 /* LaunchScreen.swift */; };
		DC7995B6286CC7F20081E726 /* Library.swift in Sources */ = {isa = PBXBuildFile; fileRef = DC7995B5286CC7F20081E726 /* Library.swift */; };
		DC7995B8286CC7FE0081E726 /* PlayerView.swift in Sources */ = {isa = PBXBuildFile; fileRef = DC7995B7286CC7FE0081E726 /* PlayerView.swift */; };
		DC7995BA286CC8050081E726 /* ContentView.swift in Sources */ = {isa = PBXBuildFile; fileRef = DC7995B9286CC8050081E726 /* ContentView.swift */; };
		DC7995BC286CC80A0081E726 /* Variables.swift in Sources */ = {isa = PBXBuildFile; fileRef = DC7995BB286CC80A0081E726 /* Variables.swift */; };
		DC7995CE286CC98C0081E726 /* Raataan Lambiyan.mp3 in Resources */ = {isa = PBXBuildFile; fileRef = DC7995C2286CC9890081E726 /* Raataan Lambiyan.mp3 */; };
		DC7995CF286CC98C0081E726 /* Unakkenna Venum Sollu.mp3 in Resources */ = {isa = PBXBuildFile; fileRef = DC7995C3286CC98A0081E726 /* Unakkenna Venum Sollu.mp3 */; };
		DC7995D0286CC98C0081E726 /* Uyire.mp3 in Resources */ = {isa = PBXBuildFile; fileRef = DC7995C4286CC98A0081E726 /* Uyire.mp3 */; };
		DC7995D1286CC98C0081E726 /* Yaar Indha Saalai Oram.mp3 in Resources */ = {isa = PBXBuildFile; fileRef = DC7995C5286CC98A0081E726 /* Yaar Indha Saalai Oram.mp3 */; };
		DC7995D2286CC98C0081E726 /* Vilambara Idaiveli.mp3 in Resources */ = {isa = PBXBuildFile; fileRef = DC7995C6286CC98B0081E726 /* Vilambara Idaiveli.mp3 */; };
		DC7995D3286CC98C0081E726 /* Jolly-O-Gymkhana.mp3 in Resources */ = {isa = PBXBuildFile; fileRef = DC7995C7286CC98B0081E726 /* Jolly-O-Gymkhana.mp3 */; };
		DC7995D4286CC98C0081E726 /* Levitating.mp3 in Resources */ = {isa = PBXBuildFile; fileRef = DC7995C8286CC98B0081E726 /* Levitating.mp3 */; };
		DC7995D5286CC98C0081E726 /* Mudhal Nee Mudivum Nee.mp3 in Resources */ = {isa = PBXBuildFile; fileRef = DC7995C9286CC98B0081E726 /* Mudhal Nee Mudivum Nee.mp3 */; };
		DC7995D6286CC98C0081E726 /* Naan Pizhaippeno.mp3 in Resources */ = {isa = PBXBuildFile; fileRef = DC7995CA286CC98B0081E726 /* Naan Pizhaippeno.mp3 */; };
		DC7995D7286CC98C0081E726 /* Ranjha.mp3 in Resources */ = {isa = PBXBuildFile; fileRef = DC7995CB286CC98C0081E726 /* Ranjha.mp3 */; };
		DC7995D8286CC98C0081E726 /* Jab Tak.mp3 in Resources */ = {isa = PBXBuildFile; fileRef = DC7995CC286CC98C0081E726 /* Jab Tak.mp3 */; };
		DC7995D9286CC98C0081E726 /* Pathala Pathala.mp3 in Resources */ = {isa = PBXBuildFile; fileRef = DC7995CD286CC98C0081E726 /* Pathala Pathala.mp3 */; };
		DCCFEADE2789B050008DE416 /* Music_PlayerApp.swift in Sources */ = {isa = PBXBuildFile; fileRef = DCCFEADD2789B050008DE416 /* Music_PlayerApp.swift */; };
		DCCFEAE22789B050008DE416 /* Assets.xcassets in Resources */ = {isa = PBXBuildFile; fileRef = DCCFEAE12789B050008DE416 /* Assets.xcassets */; };
		DCCFEAE52789B050008DE416 /* Preview Assets.xcassets in Resources */ = {isa = PBXBuildFile; fileRef = DCCFEAE42789B050008DE416 /* Preview Assets.xcassets */; };
		DCCFEAEF2789B050008DE416 /* Music_PlayerTests.swift in Sources */ = {isa = PBXBuildFile; fileRef = DCCFEAEE2789B050008DE416 /* Music_PlayerTests.swift */; };
		DCCFEAF92789B050008DE416 /* Music_PlayerUITests.swift in Sources */ = {isa = PBXBuildFile; fileRef = DCCFEAF82789B050008DE416 /* Music_PlayerUITests.swift */; };
		DCCFEAFB2789B050008DE416 /* Music_PlayerUITestsLaunchTests.swift in Sources */ = {isa = PBXBuildFile; fileRef = DCCFEAFA2789B050008DE416 /* Music_PlayerUITestsLaunchTests.swift */; };
/* End PBXBuildFile section */

/* Begin PBXContainerItemProxy section */
		DCCFEAEB2789B050008DE416 /* PBXContainerItemProxy */ = {
			isa = PBXContainerItemProxy;
			containerPortal = DCCFEAD22789B050008DE416 /* Project object */;
			proxyType = 1;
			remoteGlobalIDString = DCCFEAD92789B050008DE416;
			remoteInfo = "Music Player";
		};
		DCCFEAF52789B050008DE416 /* PBXContainerItemProxy */ = {
			isa = PBXContainerItemProxy;
			containerPortal = DCCFEAD22789B050008DE416 /* Project object */;
			proxyType = 1;
			remoteGlobalIDString = DCCFEAD92789B050008DE416;
			remoteInfo = "Music Player";
		};
/* End PBXContainerItemProxy section */

/* Begin PBXFileReference section */
		DC7995B1286CC7DC0081E726 /* MotherView.swift */ = {isa = PBXFileReference; fileEncoding = 4; lastKnownFileType = sourcecode.swift; path = MotherView.swift; sourceTree = "<group>"; };
		DC7995B3286CC7E40081E726 /* LaunchScreen.swift */ = {isa = PBXFileReference; fileEncoding = 4; lastKnownFileType = sourcecode.swift; path = LaunchScreen.swift; sourceTree = "<group>"; };
		DC7995B5286CC7F20081E726 /* Library.swift */ = {isa = PBXFileReference; fileEncoding = 4; lastKnownFileType = sourcecode.swift; path = Library.swift; sourceTree = "<group>"; };
		DC7995B7286CC7FE0081E726 /* PlayerView.swift */ = {isa = PBXFileReference; fileEncoding = 4; lastKnownFileType = sourcecode.swift; path = PlayerView.swift; sourceTree = "<group>"; };
		DC7995B9286CC8050081E726 /* ContentView.swift */ = {isa = PBXFileReference; fileEncoding = 4; lastKnownFileType = sourcecode.swift; path = ContentView.swift; sourceTree = "<group>"; };
		DC7995BB286CC80A0081E726 /* Variables.swift */ = {isa = PBXFileReference; fileEncoding = 4; lastKnownFileType = sourcecode.swift; path = Variables.swift; sourceTree = "<group>"; };
		DC7995BF286CC8AB0081E726 /* Music-Player-Info.plist */ = {isa = PBXFileReference; lastKnownFileType = text.plist; path = "Music-Player-Info.plist"; sourceTree = SOURCE_ROOT; };
		DC7995C2286CC9890081E726 /* Raataan Lambiyan.mp3 */ = {isa = PBXFileReference; lastKnownFileType = audio.mp3; path = "Raataan Lambiyan.mp3"; sourceTree = "<group>"; };
		DC7995C3286CC98A0081E726 /* Unakkenna Venum Sollu.mp3 */ = {isa = PBXFileReference; lastKnownFileType = audio.mp3; path = "Unakkenna Venum Sollu.mp3"; sourceTree = "<group>"; };
		DC7995C4286CC98A0081E726 /* Uyire.mp3 */ = {isa = PBXFileReference; lastKnownFileType = audio.mp3; path = Uyire.mp3; sourceTree = "<group>"; };
		DC7995C5286CC98A0081E726 /* Yaar Indha Saalai Oram.mp3 */ = {isa = PBXFileReference; lastKnownFileType = audio.mp3; path = "Yaar Indha Saalai Oram.mp3"; sourceTree = "<group>"; };
		DC7995C6286CC98B0081E726 /* Vilambara Idaiveli.mp3 */ = {isa = PBXFileReference; lastKnownFileType = audio.mp3; path = "Vilambara Idaiveli.mp3"; sourceTree = "<group>"; };
		DC7995C7286CC98B0081E726 /* Jolly-O-Gymkhana.mp3 */ = {isa = PBXFileReference; lastKnownFileType = audio.mp3; path = "Jolly-O-Gymkhana.mp3"; sourceTree = "<group>"; };
		DC7995C8286CC98B0081E726 /* Levitating.mp3 */ = {isa = PBXFileReference; lastKnownFileType = audio.mp3; path = Levitating.mp3; sourceTree = "<group>"; };
		DC7995C9286CC98B0081E726 /* Mudhal Nee Mudivum Nee.mp3 */ = {isa = PBXFileReference; lastKnownFileType = audio.mp3; path = "Mudhal Nee Mudivum Nee.mp3"; sourceTree = "<group>"; };
		DC7995CA286CC98B0081E726 /* Naan Pizhaippeno.mp3 */ = {isa = PBXFileReference; lastKnownFileType = audio.mp3; path = "Naan Pizhaippeno.mp3"; sourceTree = "<group>"; };
		DC7995CB286CC98C0081E726 /* Ranjha.mp3 */ = {isa = PBXFileReference; lastKnownFileType = audio.mp3; path = Ranjha.mp3; sourceTree = "<group>"; };
		DC7995CC286CC98C0081E726 /* Jab Tak.mp3 */ = {isa = PBXFileReference; lastKnownFileType = audio.mp3; path = "Jab Tak.mp3"; sourceTree = "<group>"; };
		DC7995CD286CC98C0081E726 /* Pathala Pathala.mp3 */ = {isa = PBXFileReference; lastKnownFileType = audio.mp3; path = "Pathala Pathala.mp3"; sourceTree = "<group>"; };
		DCCFEADA2789B050008DE416 /* Music Player.app */ = {isa = PBXFileReference; explicitFileType = wrapper.application; includeInIndex = 0; path = "Music Player.app"; sourceTree = BUILT_PRODUCTS_DIR; };
		DCCFEADD2789B050008DE416 /* Music_PlayerApp.swift */ = {isa = PBXFileReference; lastKnownFileType = sourcecode.swift; path = Music_PlayerApp.swift; sourceTree = "<group>"; };
		DCCFEAE12789B050008DE416 /* Assets.xcassets */ = {isa = PBXFileReference; lastKnownFileType = folder.assetcatalog; path = Assets.xcassets; sourceTree = "<group>"; };
		DCCFEAE42789B050008DE416 /* Preview Assets.xcassets */ = {isa = PBXFileReference; lastKnownFileType = folder.assetcatalog; path = "Preview Assets.xcassets"; sourceTree = "<group>"; };
		DCCFEAEA2789B050008DE416 /* Music PlayerTests.xctest */ = {isa = PBXFileReference; explicitFileType = wrapper.cfbundle; includeInIndex = 0; path = "Music PlayerTests.xctest"; sourceTree = BUILT_PRODUCTS_DIR; };
		DCCFEAEE2789B050008DE416 /* Music_PlayerTests.swift */ = {isa = PBXFileReference; lastKnownFileType = sourcecode.swift; path = Music_PlayerTests.swift; sourceTree = "<group>"; };
		DCCFEAF42789B050008DE416 /* Music PlayerUITests.xctest */ = {isa = PBXFileReference; explicitFileType = wrapper.cfbundle; includeInIndex = 0; path = "Music PlayerUITests.xctest"; sourceTree = BUILT_PRODUCTS_DIR; };
		DCCFEAF82789B050008DE416 /* Music_PlayerUITests.swift */ = {isa = PBXFileReference; lastKnownFileType = sourcecode.swift; path = Music_PlayerUITests.swift; sourceTree = "<group>"; };
		DCCFEAFA2789B050008DE416 /* Music_PlayerUITestsLaunchTests.swift */ = {isa = PBXFileReference; lastKnownFileType = sourcecode.swift; path = Music_PlayerUITestsLaunchTests.swift; sourceTree = "<group>"; };
/* End PBXFileReference section */

/* Begin PBXFrameworksBuildPhase section */
		DCCFEAD72789B050008DE416 /* Frameworks */ = {
			isa = PBXFrameworksBuildPhase;
			buildActionMask = 2147483647;
			files = (
			);
			runOnlyForDeploymentPostprocessing = 0;
		};
		DCCFEAE72789B050008DE416 /* Frameworks */ = {
			isa = PBXFrameworksBuildPhase;
			buildActionMask = 2147483647;
			files = (
			);
			runOnlyForDeploymentPostprocessing = 0;
		};
		DCCFEAF12789B050008DE416 /* Frameworks */ = {
			isa = PBXFrameworksBuildPhase;
			buildActionMask = 2147483647;
			files = (
			);
			runOnlyForDeploymentPostprocessing = 0;
		};
/* End PBXFrameworksBuildPhase section */

/* Begin PBXGroup section */
		DC7995F2286CC9C60081E726 /* New Group */ = {
			isa = PBXGroup;
			children = (
				DC7995C7286CC98B0081E726 /* Jolly-O-Gymkhana.mp3 */,
				DC7995C8286CC98B0081E726 /* Levitating.mp3 */,
				DC7995C9286CC98B0081E726 /* Mudhal Nee Mudivum Nee.mp3 */,
				DC7995CA286CC98B0081E726 /* Naan Pizhaippeno.mp3 */,
				DC7995CD286CC98C0081E726 /* Pathala Pathala.mp3 */,
				DC7995C2286CC9890081E726 /* Raataan Lambiyan.mp3 */,
				DC7995CB286CC98C0081E726 /* Ranjha.mp3 */,
				DC7995C3286CC98A0081E726 /* Unakkenna Venum Sollu.mp3 */,
				DC7995C4286CC98A0081E726 /* Uyire.mp3 */,
				DC7995C6286CC98B0081E726 /* Vilambara Idaiveli.mp3 */,
				DC7995C5286CC98A0081E726 /* Yaar Indha Saalai Oram.mp3 */,
				DC7995CC286CC98C0081E726 /* Jab Tak.mp3 */,
			);
			path = "New Group";
			sourceTree = "<group>";
		};
		DCCFEAD12789B050008DE416 = {
			isa = PBXGroup;
			children = (
				DCCFEADC2789B050008DE416 /* Music Player */,
				DCCFEAED2789B050008DE416 /* Music PlayerTests */,
				DCCFEAF72789B050008DE416 /* Music PlayerUITests */,
				DCCFEADB2789B050008DE416 /* Products */,
			);
			sourceTree = "<group>";
		};
		DCCFEADB2789B050008DE416 /* Products */ = {
			isa = PBXGroup;
			children = (
				DCCFEADA2789B050008DE416 /* Music Player.app */,
				DCCFEAEA2789B050008DE416 /* Music PlayerTests.xctest */,
				DCCFEAF42789B050008DE416 /* Music PlayerUITests.xctest */,
			);
			name = Products;
			sourceTree = "<group>";
		};
		DCCFEADC2789B050008DE416 /* Music Player */ = {
			isa = PBXGroup;
			children = (
				DC7995BF286CC8AB0081E726 /* Music-Player-Info.plist */,
				DCCFEADD2789B050008DE416 /* Music_PlayerApp.swift */,
				DC7995B1286CC7DC0081E726 /* MotherView.swift */,
				DC7995B3286CC7E40081E726 /* LaunchScreen.swift */,
				DC7995B5286CC7F20081E726 /* Library.swift */,
				DC7995B7286CC7FE0081E726 /* PlayerView.swift */,
				DC7995B9286CC8050081E726 /* ContentView.swift */,
				DC7995BB286CC80A0081E726 /* Variables.swift */,
				DC7995F2286CC9C60081E726 /* New Group */,
				DCCFEAE12789B050008DE416 /* Assets.xcassets */,
				DCCFEAE32789B050008DE416 /* Preview Content */,
			);
			path = "Music Player";
			sourceTree = "<group>";
		};
		DCCFEAE32789B050008DE416 /* Preview Content */ = {
			isa = PBXGroup;
			children = (
				DCCFEAE42789B050008DE416 /* Preview Assets.xcassets */,
			);
			path = "Preview Content";
			sourceTree = "<group>";
		};
		DCCFEAED2789B050008DE416 /* Music PlayerTests */ = {
			isa = PBXGroup;
			children = (
				DCCFEAEE2789B050008DE416 /* Music_PlayerTests.swift */,
			);
			path = "Music PlayerTests";
			sourceTree = "<group>";
		};
		DCCFEAF72789B050008DE416 /* Music PlayerUITests */ = {
			isa = PBXGroup;
			children = (
				DCCFEAF82789B050008DE416 /* Music_PlayerUITests.swift */,
				DCCFEAFA2789B050008DE416 /* Music_PlayerUITestsLaunchTests.swift */,
			);
			path = "Music PlayerUITests";
			sourceTree = "<group>";
		};
/* End PBXGroup section */

/* Begin PBXNativeTarget section */
		DCCFEAD92789B050008DE416 /* Music Player */ = {
			isa = PBXNativeTarget;
			buildConfigurationList = DCCFEAFE2789B050008DE416 /* Build configuration list for PBXNativeTarget "Music Player" */;
			buildPhases = (
				DCCFEAD62789B050008DE416 /* Sources */,
				DCCFEAD72789B050008DE416 /* Frameworks */,
				DCCFEAD82789B050008DE416 /* Resources */,
			);
			buildRules = (
			);
			dependencies = (
			);
			name = "Music Player";
			productName = "Music Player";
			productReference = DCCFEADA2789B050008DE416 /* Music Player.app */;
			productType = "com.apple.product-type.application";
		};
		DCCFEAE92789B050008DE416 /* Music PlayerTests */ = {
			isa = PBXNativeTarget;
			buildConfigurationList = DCCFEB012789B050008DE416 /* Build configuration list for PBXNativeTarget "Music PlayerTests" */;
			buildPhases = (
				DCCFEAE62789B050008DE416 /* Sources */,
				DCCFEAE72789B050008DE416 /* Frameworks */,
				DCCFEAE82789B050008DE416 /* Resources */,
			);
			buildRules = (
			);
			dependencies = (
				DCCFEAEC2789B050008DE416 /* PBXTargetDependency */,
			);
			name = "Music PlayerTests";
			productName = "Music PlayerTests";
			productReference = DCCFEAEA2789B050008DE416 /* Music PlayerTests.xctest */;
			productType = "com.apple.product-type.bundle.unit-test";
		};
		DCCFEAF32789B050008DE416 /* Music PlayerUITests */ = {
			isa = PBXNativeTarget;
			buildConfigurationList = DCCFEB042789B050008DE416 /* Build configuration list for PBXNativeTarget "Music PlayerUITests" */;
			buildPhases = (
				DCCFEAF02789B050008DE416 /* Sources */,
				DCCFEAF12789B050008DE416 /* Frameworks */,
				DCCFEAF22789B050008DE416 /* Resources */,
			);
			buildRules = (
			);
			dependencies = (
				DCCFEAF62789B050008DE416 /* PBXTargetDependency */,
			);
			name = "Music PlayerUITests";
			productName = "Music PlayerUITests";
			productReference = DCCFEAF42789B050008DE416 /* Music PlayerUITests.xctest */;
			productType = "com.apple.product-type.bundle.ui-testing";
		};
/* End PBXNativeTarget section */

/* Begin PBXProject section */
		DCCFEAD22789B050008DE416 /* Project object */ = {
			isa = PBXProject;
			attributes = {
				BuildIndependentTargetsInParallel = 1;
				LastSwiftUpdateCheck = 1320;
				LastUpgradeCheck = 1320;
				TargetAttributes = {
					DCCFEAD92789B050008DE416 = {
						CreatedOnToolsVersion = 13.2.1;
					};
					DCCFEAE92789B050008DE416 = {
						CreatedOnToolsVersion = 13.2.1;
						TestTargetID = DCCFEAD92789B050008DE416;
					};
					DCCFEAF32789B050008DE416 = {
						CreatedOnToolsVersion = 13.2.1;
						TestTargetID = DCCFEAD92789B050008DE416;
					};
				};
			};
			buildConfigurationList = DCCFEAD52789B050008DE416 /* Build configuration list for PBXProject "Music Player" */;
			compatibilityVersion = "Xcode 13.0";
			developmentRegion = en;
			hasScannedForEncodings = 0;
			knownRegions = (
				en,
				Base,
			);
			mainGroup = DCCFEAD12789B050008DE416;
			productRefGroup = DCCFEADB2789B050008DE416 /* Products */;
			projectDirPath = "";
			projectRoot = "";
			targets = (
				DCCFEAD92789B050008DE416 /* Music Player */,
				DCCFEAE92789B050008DE416 /* Music PlayerTests */,
				DCCFEAF32789B050008DE416 /* Music PlayerUITests */,
			);
		};
/* End PBXProject section */

/* Begin PBXResourcesBuildPhase section */
		DCCFEAD82789B050008DE416 /* Resources */ = {
			isa = PBXResourcesBuildPhase;
			buildActionMask = 2147483647;
			files = (
				DC7995CE286CC98C0081E726 /* Raataan Lambiyan.mp3 in Resources */,
				DC7995D1286CC98C0081E726 /* Yaar Indha Saalai Oram.mp3 in Resources */,
				DC7995D5286CC98C0081E726 /* Mudhal Nee Mudivum Nee.mp3 in Resources */,
				DC7995CF286CC98C0081E726 /* Unakkenna Venum Sollu.mp3 in Resources */,
				DC7995D0286CC98C0081E726 /* Uyire.mp3 in Resources */,
				DC7995D9286CC98C0081E726 /* Pathala Pathala.mp3 in Resources */,
				DCCFEAE52789B050008DE416 /* Preview Assets.xcassets in Resources */,
				DC7995D3286CC98C0081E726 /* Jolly-O-Gymkhana.mp3 in Resources */,
				DC7995D6286CC98C0081E726 /* Naan Pizhaippeno.mp3 in Resources */,
				DC7995D7286CC98C0081E726 /* Ranjha.mp3 in Resources */,
				DC7995D4286CC98C0081E726 /* Levitating.mp3 in Resources */,
				DCCFEAE22789B050008DE416 /* Assets.xcassets in Resources */,
				DC7995D8286CC98C0081E726 /* Jab Tak.mp3 in Resources */,
				DC7995D2286CC98C0081E726 /* Vilambara Idaiveli.mp3 in Resources */,
			);
			runOnlyForDeploymentPostprocessing = 0;
		};
		DCCFEAE82789B050008DE416 /* Resources */ = {
			isa = PBXResourcesBuildPhase;
			buildActionMask = 2147483647;
			files = (
			);
			runOnlyForDeploymentPostprocessing = 0;
		};
		DCCFEAF22789B050008DE416 /* Resources */ = {
			isa = PBXResourcesBuildPhase;
			buildActionMask = 2147483647;
			files = (
			);
			runOnlyForDeploymentPostprocessing = 0;
		};
/* End PBXResourcesBuildPhase section */

/* Begin PBXSourcesBuildPhase section */
		DCCFEAD62789B050008DE416 /* Sources */ = {
			isa = PBXSourcesBuildPhase;
			buildActionMask = 2147483647;
			files = (
				DC7995B4286CC7E40081E726 /* LaunchScreen.swift in Sources */,
				DC7995BC286CC80A0081E726 /* Variables.swift in Sources */,
				DC7995B6286CC7F20081E726 /* Library.swift in Sources */,
				DC7995BA286CC8050081E726 /* ContentView.swift in Sources */,
				DC7995B2286CC7DC0081E726 /* MotherView.swift in Sources */,
				DC7995B8286CC7FE0081E726 /* PlayerView.swift in Sources */,
				DCCFEADE2789B050008DE416 /* Music_PlayerApp.swift in Sources */,
			);
			runOnlyForDeploymentPostprocessing = 0;
		};
		DCCFEAE62789B050008DE416 /* Sources */ = {
			isa = PBXSourcesBuildPhase;
			buildActionMask = 2147483647;
			files = (
				DCCFEAEF2789B050008DE416 /* Music_PlayerTests.swift in Sources */,
			);
			runOnlyForDeploymentPostprocessing = 0;
		};
		DCCFEAF02789B050008DE416 /* Sources */ = {
			isa = PBXSourcesBuildPhase;
			buildActionMask = 2147483647;
			files = (
				DCCFEAF92789B050008DE416 /* Music_PlayerUITests.swift in Sources */,
				DCCFEAFB2789B050008DE416 /* Music_PlayerUITestsLaunchTests.swift in Sources */,
			);
			runOnlyForDeploymentPostprocessing = 0;
		};
/* End PBXSourcesBuildPhase section */

/* Begin PBXTargetDependency section */
		DCCFEAEC2789B050008DE416 /* PBXTargetDependency */ = {
			isa = PBXTargetDependency;
			target = DCCFEAD92789B050008DE416 /* Music Player */;
			targetProxy = DCCFEAEB2789B050008DE416 /* PBXContainerItemProxy */;
		};
		DCCFEAF62789B050008DE416 /* PBXTargetDependency */ = {
			isa = PBXTargetDependency;
			target = DCCFEAD92789B050008DE416 /* Music Player */;
			targetProxy = DCCFEAF52789B050008DE416 /* PBXContainerItemProxy */;
		};
/* End PBXTargetDependency section */

/* Begin XCBuildConfiguration section */
		DCCFEAFC2789B050008DE416 /* Debug */ = {
			isa = XCBuildConfiguration;
			buildSettings = {
				ALWAYS_SEARCH_USER_PATHS = NO;
				CLANG_ANALYZER_NONNULL = YES;
				CLANG_ANALYZER_NUMBER_OBJECT_CONVERSION = YES_AGGRESSIVE;
				CLANG_CXX_LANGUAGE_STANDARD = "gnu++17";
				CLANG_CXX_LIBRARY = "libc++";
				CLANG_ENABLE_MODULES = YES;
				CLANG_ENABLE_OBJC_ARC = YES;
				CLANG_ENABLE_OBJC_WEAK = YES;
				CLANG_WARN_BLOCK_CAPTURE_AUTORELEASING = YES;
				CLANG_WARN_BOOL_CONVERSION = YES;
				CLANG_WARN_COMMA = YES;
				CLANG_WARN_CONSTANT_CONVERSION = YES;
				CLANG_WARN_DEPRECATED_OBJC_IMPLEMENTATIONS = YES;
				CLANG_WARN_DIRECT_OBJC_ISA_USAGE = YES_ERROR;
				CLANG_WARN_DOCUMENTATION_COMMENTS = YES;
				CLANG_WARN_EMPTY_BODY = YES;
				CLANG_WARN_ENUM_CONVERSION = YES;
				CLANG_WARN_INFINITE_RECURSION = YES;
				CLANG_WARN_INT_CONVERSION = YES;
				CLANG_WARN_NON_LITERAL_NULL_CONVERSION = YES;
				CLANG_WARN_OBJC_IMPLICIT_RETAIN_SELF = YES;
				CLANG_WARN_OBJC_LITERAL_CONVERSION = YES;
				CLANG_WARN_OBJC_ROOT_CLASS = YES_ERROR;
				CLANG_WARN_QUOTED_INCLUDE_IN_FRAMEWORK_HEADER = YES;
				CLANG_WARN_RANGE_LOOP_ANALYSIS = YES;
				CLANG_WARN_STRICT_PROTOTYPES = YES;
				CLANG_WARN_SUSPICIOUS_MOVE = YES;
				CLANG_WARN_UNGUARDED_AVAILABILITY = YES_AGGRESSIVE;
				CLANG_WARN_UNREACHABLE_CODE = YES;
				CLANG_WARN__DUPLICATE_METHOD_MATCH = YES;
				COPY_PHASE_STRIP = NO;
				DEBUG_INFORMATION_FORMAT = dwarf;
				ENABLE_STRICT_OBJC_MSGSEND = YES;
				ENABLE_TESTABILITY = YES;
				GCC_C_LANGUAGE_STANDARD = gnu11;
				GCC_DYNAMIC_NO_PIC = NO;
				GCC_NO_COMMON_BLOCKS = YES;
				GCC_OPTIMIZATION_LEVEL = 0;
				GCC_PREPROCESSOR_DEFINITIONS = (
					"DEBUG=1",
					"$(inherited)",
				);
				GCC_WARN_64_TO_32_BIT_CONVERSION = YES;
				GCC_WARN_ABOUT_RETURN_TYPE = YES_ERROR;
				GCC_WARN_UNDECLARED_SELECTOR = YES;
				GCC_WARN_UNINITIALIZED_AUTOS = YES_AGGRESSIVE;
				GCC_WARN_UNUSED_FUNCTION = YES;
				GCC_WARN_UNUSED_VARIABLE = YES;
				IPHONEOS_DEPLOYMENT_TARGET = 15.2;
				MTL_ENABLE_DEBUG_INFO = INCLUDE_SOURCE;
				MTL_FAST_MATH = YES;
				ONLY_ACTIVE_ARCH = YES;
				SDKROOT = iphoneos;
				SWIFT_ACTIVE_COMPILATION_CONDITIONS = DEBUG;
				SWIFT_OPTIMIZATION_LEVEL = "-Onone";
			};
			name = Debug;
		};
		DCCFEAFD2789B050008DE416 /* Release */ = {
			isa = XCBuildConfiguration;
			buildSettings = {
				ALWAYS_SEARCH_USER_PATHS = NO;
				CLANG_ANALYZER_NONNULL = YES;
				CLANG_ANALYZER_NUMBER_OBJECT_CONVERSION = YES_AGGRESSIVE;
				CLANG_CXX_LANGUAGE_STANDARD = "gnu++17";
				CLANG_CXX_LIBRARY = "libc++";
				CLANG_ENABLE_MODULES = YES;
				CLANG_ENABLE_OBJC_ARC = YES;
				CLANG_ENABLE_OBJC_WEAK = YES;
				CLANG_WARN_BLOCK_CAPTURE_AUTORELEASING = YES;
				CLANG_WARN_BOOL_CONVERSION = YES;
				CLANG_WARN_COMMA = YES;
				CLANG_WARN_CONSTANT_CONVERSION = YES;
				CLANG_WARN_DEPRECATED_OBJC_IMPLEMENTATIONS = YES;
				CLANG_WARN_DIRECT_OBJC_ISA_USAGE = YES_ERROR;
				CLANG_WARN_DOCUMENTATION_COMMENTS = YES;
				CLANG_WARN_EMPTY_BODY = YES;
				CLANG_WARN_ENUM_CONVERSION = YES;
				CLANG_WARN_INFINITE_RECURSION = YES;
				CLANG_WARN_INT_CONVERSION = YES;
				CLANG_WARN_NON_LITERAL_NULL_CONVERSION = YES;
				CLANG_WARN_OBJC_IMPLICIT_RETAIN_SELF = YES;
				CLANG_WARN_OBJC_LITERAL_CONVERSION = YES;
				CLANG_WARN_OBJC_ROOT_CLASS = YES_ERROR;
				CLANG_WARN_QUOTED_INCLUDE_IN_FRAMEWORK_HEADER = YES;
				CLANG_WARN_RANGE_LOOP_ANALYSIS = YES;
				CLANG_WARN_STRICT_PROTOTYPES = YES;
				CLANG_WARN_SUSPICIOUS_MOVE = YES;
				CLANG_WARN_UNGUARDED_AVAILABILITY = YES_AGGRESSIVE;
				CLANG_WARN_UNREACHABLE_CODE = YES;
				CLANG_WARN__DUPLICATE_METHOD_MATCH = YES;
				COPY_PHASE_STRIP = NO;
				DEBUG_INFORMATION_FORMAT = "dwarf-with-dsym";
				ENABLE_NS_ASSERTIONS = NO;
				ENABLE_STRICT_OBJC_MSGSEND = YES;
				GCC_C_LANGUAGE_STANDARD = gnu11;
				GCC_NO_COMMON_BLOCKS = YES;
				GCC_WARN_64_TO_32_BIT_CONVERSION = YES;
				GCC_WARN_ABOUT_RETURN_TYPE = YES_ERROR;
				GCC_WARN_UNDECLARED_SELECTOR = YES;
				GCC_WARN_UNINITIALIZED_AUTOS = YES_AGGRESSIVE;
				GCC_WARN_UNUSED_FUNCTION = YES;
				GCC_WARN_UNUSED_VARIABLE = YES;
				IPHONEOS_DEPLOYMENT_TARGET = 15.2;
				MTL_ENABLE_DEBUG_INFO = NO;
				MTL_FAST_MATH = YES;
				SDKROOT = iphoneos;
				SWIFT_COMPILATION_MODE = wholemodule;
				SWIFT_OPTIMIZATION_LEVEL = "-O";
				VALIDATE_PRODUCT = YES;
			};
			name = Release;
		};
		DCCFEAFF2789B050008DE416 /* Debug */ = {
			isa = XCBuildConfiguration;
			buildSettings = {
				ASSETCATALOG_COMPILER_APPICON_NAME = AppIcon;
				ASSETCATALOG_COMPILER_GLOBAL_ACCENT_COLOR_NAME = AccentColor;
				CODE_SIGN_STYLE = Automatic;
				CURRENT_PROJECT_VERSION = 1;
				DEVELOPMENT_ASSET_PATHS = "\"Music Player/Preview Content\"";
				DEVELOPMENT_TEAM = 563TJKM5A7;
				ENABLE_PREVIEWS = YES;
				GENERATE_INFOPLIST_FILE = YES;
				INFOPLIST_FILE = "Music-Player-Info.plist";
				INFOPLIST_KEY_UIApplicationSceneManifest_Generation = YES;
				INFOPLIST_KEY_UIApplicationSupportsIndirectInputEvents = YES;
				INFOPLIST_KEY_UILaunchScreen_Generation = YES;
				INFOPLIST_KEY_UISupportedInterfaceOrientations_iPad = "UIInterfaceOrientationPortrait UIInterfaceOrientationPortraitUpsideDown UIInterfaceOrientationLandscapeLeft UIInterfaceOrientationLandscapeRight";
				INFOPLIST_KEY_UISupportedInterfaceOrientations_iPhone = "UIInterfaceOrientationPortrait UIInterfaceOrientationLandscapeLeft UIInterfaceOrientationLandscapeRight";
				LD_RUNPATH_SEARCH_PATHS = (
					"$(inherited)",
					"@executable_path/Frameworks",
				);
				MARKETING_VERSION = 1.0;
				PRODUCT_BUNDLE_IDENTIFIER = "RJ.Music-Player";
				PRODUCT_NAME = "$(TARGET_NAME)";
				SWIFT_EMIT_LOC_STRINGS = YES;
				SWIFT_VERSION = 5.0;
				TARGETED_DEVICE_FAMILY = "1,2";
			};
			name = Debug;
		};
		DCCFEB002789B050008DE416 /* Release */ = {
			isa = XCBuildConfiguration;
			buildSettings = {
				ASSETCATALOG_COMPILER_APPICON_NAME = AppIcon;
				ASSETCATALOG_COMPILER_GLOBAL_ACCENT_COLOR_NAME = AccentColor;
				CODE_SIGN_STYLE = Automatic;
				CURRENT_PROJECT_VERSION = 1;
				DEVELOPMENT_ASSET_PATHS = "\"Music Player/Preview Content\"";
				DEVELOPMENT_TEAM = 563TJKM5A7;
				ENABLE_PREVIEWS = YES;
				GENERATE_INFOPLIST_FILE = YES;
				INFOPLIST_FILE = "Music-Player-Info.plist";
				INFOPLIST_KEY_UIApplicationSceneManifest_Generation = YES;
				INFOPLIST_KEY_UIApplicationSupportsIndirectInputEvents = YES;
				INFOPLIST_KEY_UILaunchScreen_Generation = YES;
				INFOPLIST_KEY_UISupportedInterfaceOrientations_iPad = "UIInterfaceOrientationPortrait UIInterfaceOrientationPortraitUpsideDown UIInterfaceOrientationLandscapeLeft UIInterfaceOrientationLandscapeRight";
				INFOPLIST_KEY_UISupportedInterfaceOrientations_iPhone = "UIInterfaceOrientationPortrait UIInterfaceOrientationLandscapeLeft UIInterfaceOrientationLandscapeRight";
				LD_RUNPATH_SEARCH_PATHS = (
					"$(inherited)",
					"@executable_path/Frameworks",
				);
				MARKETING_VERSION = 1.0;
				PRODUCT_BUNDLE_IDENTIFIER = "RJ.Music-Player";
				PRODUCT_NAME = "$(TARGET_NAME)";
				SWIFT_EMIT_LOC_STRINGS = YES;
				SWIFT_VERSION = 5.0;
				TARGETED_DEVICE_FAMILY = "1,2";
			};
			name = Release;
		};
		DCCFEB022789B050008DE416 /* Debug */ = {
			isa = XCBuildConfiguration;
			buildSettings = {
				ALWAYS_EMBED_SWIFT_STANDARD_LIBRARIES = YES;
				BUNDLE_LOADER = "$(TEST_HOST)";
				CODE_SIGN_STYLE = Automatic;
				CURRENT_PROJECT_VERSION = 1;
				GENERATE_INFOPLIST_FILE = YES;
				IPHONEOS_DEPLOYMENT_TARGET = 15.2;
				MARKETING_VERSION = 1.0;
				PRODUCT_BUNDLE_IDENTIFIER = "RJ.Music-PlayerTests";
				PRODUCT_NAME = "$(TARGET_NAME)";
				SWIFT_EMIT_LOC_STRINGS = NO;
				SWIFT_VERSION = 5.0;
				TARGETED_DEVICE_FAMILY = "1,2";
				TEST_HOST = "$(BUILT_PRODUCTS_DIR)/Music Player.app/Music Player";
			};
			name = Debug;
		};
		DCCFEB032789B050008DE416 /* Release */ = {
			isa = XCBuildConfiguration;
			buildSettings = {
				ALWAYS_EMBED_SWIFT_STANDARD_LIBRARIES = YES;
				BUNDLE_LOADER = "$(TEST_HOST)";
				CODE_SIGN_STYLE = Automatic;
				CURRENT_PROJECT_VERSION = 1;
				GENERATE_INFOPLIST_FILE = YES;
				IPHONEOS_DEPLOYMENT_TARGET = 15.2;
				MARKETING_VERSION = 1.0;
				PRODUCT_BUNDLE_IDENTIFIER = "RJ.Music-PlayerTests";
				PRODUCT_NAME = "$(TARGET_NAME)";
				SWIFT_EMIT_LOC_STRINGS = NO;
				SWIFT_VERSION = 5.0;
				TARGETED_DEVICE_FAMILY = "1,2";
				TEST_HOST = "$(BUILT_PRODUCTS_DIR)/Music Player.app/Music Player";
			};
			name = Release;
		};
		DCCFEB052789B050008DE416 /* Debug */ = {
			isa = XCBuildConfiguration;
			buildSettings = {
				ALWAYS_EMBED_SWIFT_STANDARD_LIBRARIES = YES;
				CODE_SIGN_STYLE = Automatic;
				CURRENT_PROJECT_VERSION = 1;
				GENERATE_INFOPLIST_FILE = YES;
				MARKETING_VERSION = 1.0;
				PRODUCT_BUNDLE_IDENTIFIER = "RJ.Music-PlayerUITests";
				PRODUCT_NAME = "$(TARGET_NAME)";
				SWIFT_EMIT_LOC_STRINGS = NO;
				SWIFT_VERSION = 5.0;
				TARGETED_DEVICE_FAMILY = "1,2";
				TEST_TARGET_NAME = "Music Player";
			};
			name = Debug;
		};
		DCCFEB062789B050008DE416 /* Release */ = {
			isa = XCBuildConfiguration;
			buildSettings = {
				ALWAYS_EMBED_SWIFT_STANDARD_LIBRARIES = YES;
				CODE_SIGN_STYLE = Automatic;
				CURRENT_PROJECT_VERSION = 1;
				GENERATE_INFOPLIST_FILE = YES;
				MARKETING_VERSION = 1.0;
				PRODUCT_BUNDLE_IDENTIFIER = "RJ.Music-PlayerUITests";
				PRODUCT_NAME = "$(TARGET_NAME)";
				SWIFT_EMIT_LOC_STRINGS = NO;
				SWIFT_VERSION = 5.0;
				TARGETED_DEVICE_FAMILY = "1,2";
				TEST_TARGET_NAME = "Music Player";
			};
			name = Release;
		};
/* End XCBuildConfiguration section */

/* Begin XCConfigurationList section */
		DCCFEAD52789B050008DE416 /* Build configuration list for PBXProject "Music Player" */ = {
			isa = XCConfigurationList;
			buildConfigurations = (
				DCCFEAFC2789B050008DE416 /* Debug */,
				DCCFEAFD2789B050008DE416 /* Release */,
			);
			defaultConfigurationIsVisible = 0;
			defaultConfigurationName = Release;
		};
		DCCFEAFE2789B050008DE416 /* Build configuration list for PBXNativeTarget "Music Player" */ = {
			isa = XCConfigurationList;
			buildConfigurations = (
				DCCFEAFF2789B050008DE416 /* Debug */,
				DCCFEB002789B050008DE416 /* Release */,
			);
			defaultConfigurationIsVisible = 0;
			defaultConfigurationName = Release;
		};
		DCCFEB012789B050008DE416 /* Build configuration list for PBXNativeTarget "Music PlayerTests" */ = {
			isa = XCConfigurationList;
			buildConfigurations = (
				DCCFEB022789B050008DE416 /* Debug */,
				DCCFEB032789B050008DE416 /* Release */,
			);
			defaultConfigurationIsVisible = 0;
			defaultConfigurationName = Release;
		};
		DCCFEB042789B050008DE416 /* Build configuration list for PBXNativeTarget "Music PlayerUITests" */ = {
			isa = XCConfigurationList;
			buildConfigurations = (
				DCCFEB052789B050008DE416 /* Debug */,
				DCCFEB062789B050008DE416 /* Release */,
			);
			defaultConfigurationIsVisible = 0;
			defaultConfigurationName = Release;
		};
/* End XCConfigurationList section */
	};
	rootObject = DCCFEAD22789B050008DE416 /* Project object */;
}
